
Microsoft Visual Studio Solution File, Format Version 12.00
# Visual Studio Version 16
VisualStudioVersion = 16.0.31005.135
MinimumVisualStudioVersion = 10.0.40219.1
Project("{9A19103F-16F7-4668-BE54-9A1E7A4F7556}") = "Ryguy9999.ATS.ATSForAP", "Ryguy9999.ATS.ATSForAP.csproj", "{5F245474-4698-4A4D-ACE4-1E58D9B3489D}"
EndProject
Project("{FAE04EC0-301F-11D3-BF4B-00C04F79EFBC}") = "Assembly-CSharp", "..\..\..\Downloads\[ATS AP Stuff]\Assembly-CSharp\Assembly-CSharp.csproj", "{16BA5AFD-B23D-4E28-BB0A-506F12849190}"
EndProject
Global
	GlobalSection(SolutionConfigurationPlatforms) = preSolution
		Debug|Any CPU = Debug|Any CPU
		Release|Any CPU = Release|Any CPU
	EndGlobalSection
	GlobalSection(ProjectConfigurationPlatforms) = postSolution
		{5F245474-4698-4A4D-ACE4-1E58D9B3489D}.Debug|Any CPU.ActiveCfg = Debug|Any CPU
		{5F245474-4698-4A4D-ACE4-1E58D9B3489D}.Debug|Any CPU.Build.0 = Debug|Any CPU
		{5F245474-4698-4A4D-ACE4-1E58D9B3489D}.Release|Any CPU.ActiveCfg = Release|Any CPU
		{5F245474-4698-4A4D-ACE4-1E58D9B3489D}.Release|Any CPU.Build.0 = Release|Any CPU
		{16BA5AFD-B23D-4E28-BB0A-506F12849190}.Debug|Any CPU.ActiveCfg = Debug|Any CPU
		{16BA5AFD-B23D-4E28-BB0A-506F12849190}.Debug|Any CPU.Build.0 = Debug|Any CPU
		{16BA5AFD-B23D-4E28-BB0A-506F12849190}.Release|Any CPU.ActiveCfg = Release|Any CPU
		{16BA5AFD-B23D-4E28-BB0A-506F12849190}.Release|Any CPU.Build.0 = Release|Any CPU
	EndGlobalSection
	GlobalSection(SolutionProperties) = preSolution
		HideSolutionNode = FALSE
	EndGlobalSection
	GlobalSection(ExtensibilityGlobals) = postSolution
		SolutionGuid = {EC3CD586-6670-40A8-B73E-DFF469FF1F39}
	EndGlobalSection
EndGlobal
